// !$*UTF8*$!
{
	archiveVersion = 1;
	classes = {
	};
	objectVersion = 56;
	objects = {

/* Begin PBXBuildFile section */
		4CB7218D2986F80B0096C1D1 /* AppDelegate.swift in Sources */ = {isa = PBXBuildFile; fileRef = 4CB7218C2986F80B0096C1D1 /* AppDelegate.swift */; };
		4CB7218F2986F80B0096C1D1 /* SceneDelegate.swift in Sources */ = {isa = PBXBuildFile; fileRef = 4CB7218E2986F80B0096C1D1 /* SceneDelegate.swift */; };
		4CB721912986F80B0096C1D1 /* ViewController.swift in Sources */ = {isa = PBXBuildFile; fileRef = 4CB721902986F80B0096C1D1 /* ViewController.swift */; };
		4CB721942986F80B0096C1D1 /* Main.storyboard in Resources */ = {isa = PBXBuildFile; fileRef = 4CB721922986F80B0096C1D1 /* Main.storyboard */; };
		4CB721962986F80D0096C1D1 /* Assets.xcassets in Resources */ = {isa = PBXBuildFile; fileRef = 4CB721952986F80D0096C1D1 /* Assets.xcassets */; };
		4CB721992986F80D0096C1D1 /* LaunchScreen.storyboard in Resources */ = {isa = PBXBuildFile; fileRef = 4CB721972986F80D0096C1D1 /* LaunchScreen.storyboard */; };
		4CB721A42986FBCB0096C1D1 /* MyCollectionViewCell.swift in Sources */ = {isa = PBXBuildFile; fileRef = 4CB721A22986FBCB0096C1D1 /* MyCollectionViewCell.swift */; };
		4CB721A52986FBCB0096C1D1 /* MyCollectionViewCell.xib in Resources */ = {isa = PBXBuildFile; fileRef = 4CB721A32986FBCB0096C1D1 /* MyCollectionViewCell.xib */; };
		4CB721A82987023A0096C1D1 /* YourCollectionViewCell.swift in Sources */ = {isa = PBXBuildFile; fileRef = 4CB721A62987023A0096C1D1 /* YourCollectionViewCell.swift */; };
		4CB721A92987023A0096C1D1 /* YourCollectionViewCell.xib in Resources */ = {isa = PBXBuildFile; fileRef = 4CB721A72987023A0096C1D1 /* YourCollectionViewCell.xib */; };
/* End PBXBuildFile section */

/* Begin PBXFileReference section */
		4CB721892986F80B0096C1D1 /* Multiple XIBs.app */ = {isa = PBXFileReference; explicitFileType = wrapper.application; includeInIndex = 0; path = "Multiple XIBs.app"; sourceTree = BUILT_PRODUCTS_DIR; };
		4CB7218C2986F80B0096C1D1 /* AppDelegate.swift */ = {isa = PBXFileReference; lastKnownFileType = sourcecode.swift; path = AppDelegate.swift; sourceTree = "<group>"; };
		4CB7218E2986F80B0096C1D1 /* SceneDelegate.swift */ = {isa = PBXFileReference; lastKnownFileType = sourcecode.swift; path = SceneDelegate.swift; sourceTree = "<group>"; };
		4CB721902986F80B0096C1D1 /* ViewController.swift */ = {isa = PBXFileReference; lastKnownFileType = sourcecode.swift; path = ViewController.swift; sourceTree = "<group>"; };
		4CB721932986F80B0096C1D1 /* Base */ = {isa = PBXFileReference; lastKnownFileType = file.storyboard; name = Base; path = Base.lproj/Main.storyboard; sourceTree = "<group>"; };
		4CB721952986F80D0096C1D1 /* Assets.xcassets */ = {isa = PBXFileReference; lastKnownFileType = folder.assetcatalog; path = Assets.xcassets; sourceTree = "<group>"; };
		4CB721982986F80D0096C1D1 /* Base */ = {isa = PBXFileReference; lastKnownFileType = file.storyboard; name = Base; path = Base.lproj/LaunchScreen.storyboard; sourceTree = "<group>"; };
		4CB7219A2986F80D0096C1D1 /* Info.plist */ = {isa = PBXFileReference; lastKnownFileType = text.plist.xml; path = Info.plist; sourceTree = "<group>"; };
		4CB721A22986FBCB0096C1D1 /* MyCollectionViewCell.swift */ = {isa = PBXFileReference; lastKnownFileType = sourcecode.swift; path = MyCollectionViewCell.swift; sourceTree = "<group>"; };
		4CB721A32986FBCB0096C1D1 /* MyCollectionViewCell.xib */ = {isa = PBXFileReference; lastKnownFileType = file.xib; path = MyCollectionViewCell.xib; sourceTree = "<group>"; };
		4CB721A62987023A0096C1D1 /* YourCollectionViewCell.swift */ = {isa = PBXFileReference; lastKnownFileType = sourcecode.swift; path = YourCollectionViewCell.swift; sourceTree = "<group>"; };
		4CB721A72987023A0096C1D1 /* YourCollectionViewCell.xib */ = {isa = PBXFileReference; lastKnownFileType = file.xib; path = YourCollectionViewCell.xib; sourceTree = "<group>"; };
/* End PBXFileReference section */

/* Begin PBXFrameworksBuildPhase section */
		4CB721862986F80B0096C1D1 /* Frameworks */ = {
			isa = PBXFrameworksBuildPhase;
			buildActionMask = 2147483647;
			files = (
			);
			runOnlyForDeploymentPostprocessing = 0;
		};
/* End PBXFrameworksBuildPhase section */

/* Begin PBXGroup section */
		4CB721802986F80B0096C1D1 = {
			isa = PBXGroup;
			children = (
				4CB7218B2986F80B0096C1D1 /* Multiple XIBs */,
				4CB7218A2986F80B0096C1D1 /* Products */,
			);
			sourceTree = "<group>";
		};
		4CB7218A2986F80B0096C1D1 /* Products */ = {
			isa = PBXGroup;
			children = (
				4CB721892986F80B0096C1D1 /* Multiple XIBs.app */,
			);
			name = Products;
			sourceTree = "<group>";
		};
		4CB7218B2986F80B0096C1D1 /* Multiple XIBs */ = {
			isa = PBXGroup;
			children = (
				4CB7218C2986F80B0096C1D1 /* AppDelegate.swift */,
				4CB7218E2986F80B0096C1D1 /* SceneDelegate.swift */,
				4CB721902986F80B0096C1D1 /* ViewController.swift */,
				4CB721A62987023A0096C1D1 /* YourCollectionViewCell.swift */,
				4CB721A72987023A0096C1D1 /* YourCollectionViewCell.xib */,
				4CB721922986F80B0096C1D1 /* Main.storyboard */,
				4CB721A22986FBCB0096C1D1 /* MyCollectionViewCell.swift */,
				4CB721A32986FBCB0096C1D1 /* MyCollectionViewCell.xib */,
				4CB721952986F80D0096C1D1 /* Assets.xcassets */,
				4CB721972986F80D0096C1D1 /* LaunchScreen.storyboard */,
				4CB7219A2986F80D0096C1D1 /* Info.plist */,
			);
			path = "Multiple XIBs";
			sourceTree = "<group>";
		};
/* End PBXGroup section */

/* Begin PBXNativeTarget section */
		4CB721882986F80B0096C1D1 /* Multiple XIBs */ = {
			isa = PBXNativeTarget;
			buildConfigurationList = 4CB7219D2986F80D0096C1D1 /* Build configuration list for PBXNativeTarget "Multiple XIBs" */;
			buildPhases = (
				4CB721852986F80B0096C1D1 /* Sources */,
				4CB721862986F80B0096C1D1 /* Frameworks */,
				4CB721872986F80B0096C1D1 /* Resources */,
			);
			buildRules = (
			);
			dependencies = (
			);
			name = "Multiple XIBs";
			productName = "Multiple XIBs";
			productReference = 4CB721892986F80B0096C1D1 /* Multiple XIBs.app */;
			productType = "com.apple.product-type.application";
		};
/* End PBXNativeTarget section */

/* Begin PBXProject section */
		4CB721812986F80B0096C1D1 /* Project object */ = {
			isa = PBXProject;
			attributes = {
				BuildIndependentTargetsInParallel = 1;
				LastSwiftUpdateCheck = 1400;
				LastUpgradeCheck = 1400;
				TargetAttributes = {
					4CB721882986F80B0096C1D1 = {
						CreatedOnToolsVersion = 14.0.1;
					};
				};
			};
			buildConfigurationList = 4CB721842986F80B0096C1D1 /* Build configuration list for PBXProject "Multiple XIBs" */;
			compatibilityVersion = "Xcode 14.0";
			developmentRegion = en;
			hasScannedForEncodings = 0;
			knownRegions = (
				en,
				Base,
			);
			mainGroup = 4CB721802986F80B0096C1D1;
			productRefGroup = 4CB7218A2986F80B0096C1D1 /* Products */;
			projectDirPath = "";
			projectRoot = "";
			targets = (
				4CB721882986F80B0096C1D1 /* Multiple XIBs */,
			);
		};
/* End PBXProject section */

/* Begin PBXResourcesBuildPhase section */
		4CB721872986F80B0096C1D1 /* Resources */ = {
			isa = PBXResourcesBuildPhase;
			buildActionMask = 2147483647;
			files = (
				4CB721992986F80D0096C1D1 /* LaunchScreen.storyboard in Resources */,
				4CB721962986F80D0096C1D1 /* Assets.xcassets in Resources */,
				4CB721A92987023A0096C1D1 /* YourCollectionViewCell.xib in Resources */,
				4CB721A52986FBCB0096C1D1 /* MyCollectionViewCell.xib in Resources */,
				4CB721942986F80B0096C1D1 /* Main.storyboard in Resources */,
			);
			runOnlyForDeploymentPostprocessing = 0;
		};
/* End PBXResourcesBuildPhase section */

/* Begin PBXSourcesBuildPhase section */
		4CB721852986F80B0096C1D1 /* Sources */ = {
			isa = PBXSourcesBuildPhase;
			buildActionMask = 2147483647;
			files = (
				4CB721912986F80B0096C1D1 /* ViewController.swift in Sources */,
				4CB7218D2986F80B0096C1D1 /* AppDelegate.swift in Sources */,
				4CB721A82987023A0096C1D1 /* YourCollectionViewCell.swift in Sources */,
				4CB721A42986FBCB0096C1D1 /* MyCollectionViewCell.swift in Sources */,
				4CB7218F2986F80B0096C1D1 /* SceneDelegate.swift in Sources */,
			);
			runOnlyForDeploymentPostprocessing = 0;
		};
/* End PBXSourcesBuildPhase section */

/* Begin PBXVariantGroup section */
		4CB721922986F80B0096C1D1 /* Main.storyboard */ = {
			isa = PBXVariantGroup;
			children = (
				4CB721932986F80B0096C1D1 /* Base */,
			);
			name = Main.storyboard;
			sourceTree = "<group>";
		};
		4CB721972986F80D0096C1D1 /* LaunchScreen.storyboard */ = {
			isa = PBXVariantGroup;
			children = (
				4CB721982986F80D0096C1D1 /* Base */,
			);
			name = LaunchScreen.storyboard;
			sourceTree = "<group>";
		};
/* End PBXVariantGroup section */

/* Begin XCBuildConfiguration section */
		4CB7219B2986F80D0096C1D1 /* Debug */ = {
			isa = XCBuildConfiguration;
			buildSettings = {
				ALWAYS_SEARCH_USER_PATHS = NO;
				CLANG_ANALYZER_NONNULL = YES;
				CLANG_ANALYZER_NUMBER_OBJECT_CONVERSION = YES_AGGRESSIVE;
				CLANG_CXX_LANGUAGE_STANDARD = "gnu++20";
				CLANG_ENABLE_MODULES = YES;
				CLANG_ENABLE_OBJC_ARC = YES;
				CLANG_ENABLE_OBJC_WEAK = YES;
				CLANG_WARN_BLOCK_CAPTURE_AUTORELEASING = YES;
				CLANG_WARN_BOOL_CONVERSION = YES;
				CLANG_WARN_COMMA = YES;
				CLANG_WARN_CONSTANT_CONVERSION = YES;
				CLANG_WARN_DEPRECATED_OBJC_IMPLEMENTATIONS = YES;
				CLANG_WARN_DIRECT_OBJC_ISA_USAGE = YES_ERROR;
				CLANG_WARN_DOCUMENTATION_COMMENTS = YES;
				CLANG_WARN_EMPTY_BODY = YES;
				CLANG_WARN_ENUM_CONVERSION = YES;
				CLANG_WARN_INFINITE_RECURSION = YES;
				CLANG_WARN_INT_CONVERSION = YES;
				CLANG_WARN_NON_LITERAL_NULL_CONVERSION = YES;
				CLANG_WARN_OBJC_IMPLICIT_RETAIN_SELF = YES;
				CLANG_WARN_OBJC_LITERAL_CONVERSION = YES;
				CLANG_WARN_OBJC_ROOT_CLASS = YES_ERROR;
				CLANG_WARN_QUOTED_INCLUDE_IN_FRAMEWORK_HEADER = YES;
				CLANG_WARN_RANGE_LOOP_ANALYSIS = YES;
				CLANG_WARN_STRICT_PROTOTYPES = YES;
				CLANG_WARN_SUSPICIOUS_MOVE = YES;
				CLANG_WARN_UNGUARDED_AVAILABILITY = YES_AGGRESSIVE;
				CLANG_WARN_UNREACHABLE_CODE = YES;
				CLANG_WARN__DUPLICATE_METHOD_MATCH = YES;
				COPY_PHASE_STRIP = NO;
				DEBUG_INFORMATION_FORMAT = dwarf;
				ENABLE_STRICT_OBJC_MSGSEND = YES;
				ENABLE_TESTABILITY = YES;
				GCC_C_LANGUAGE_STANDARD = gnu11;
				GCC_DYNAMIC_NO_PIC = NO;
				GCC_NO_COMMON_BLOCKS = YES;
				GCC_OPTIMIZATION_LEVEL = 0;
				GCC_PREPROCESSOR_DEFINITIONS = (
					"DEBUG=1",
					"$(inherited)",
				);
				GCC_WARN_64_TO_32_BIT_CONVERSION = YES;
				GCC_WARN_ABOUT_RETURN_TYPE = YES_ERROR;
				GCC_WARN_UNDECLARED_SELECTOR = YES;
				GCC_WARN_UNINITIALIZED_AUTOS = YES_AGGRESSIVE;
				GCC_WARN_UNUSED_FUNCTION = YES;
				GCC_WARN_UNUSED_VARIABLE = YES;
				IPHONEOS_DEPLOYMENT_TARGET = 16.0;
				MTL_ENABLE_DEBUG_INFO = INCLUDE_SOURCE;
				MTL_FAST_MATH = YES;
				ONLY_ACTIVE_ARCH = YES;
				SDKROOT = iphoneos;
				SWIFT_ACTIVE_COMPILATION_CONDITIONS = DEBUG;
				SWIFT_OPTIMIZATION_LEVEL = "-Onone";
			};
			name = Debug;
		};
		4CB7219C2986F80D0096C1D1 /* Release */ = {
			isa = XCBuildConfiguration;
			buildSettings = {
				ALWAYS_SEARCH_USER_PATHS = NO;
				CLANG_ANALYZER_NONNULL = YES;
				CLANG_ANALYZER_NUMBER_OBJECT_CONVERSION = YES_AGGRESSIVE;
				CLANG_CXX_LANGUAGE_STANDARD = "gnu++20";
				CLANG_ENABLE_MODULES = YES;
				CLANG_ENABLE_OBJC_ARC = YES;
				CLANG_ENABLE_OBJC_WEAK = YES;
				CLANG_WARN_BLOCK_CAPTURE_AUTORELEASING = YES;
				CLANG_WARN_BOOL_CONVERSION = YES;
				CLANG_WARN_COMMA = YES;
				CLANG_WARN_CONSTANT_CONVERSION = YES;
				CLANG_WARN_DEPRECATED_OBJC_IMPLEMENTATIONS = YES;
				CLANG_WARN_DIRECT_OBJC_ISA_USAGE = YES_ERROR;
				CLANG_WARN_DOCUMENTATION_COMMENTS = YES;
				CLANG_WARN_EMPTY_BODY = YES;
				CLANG_WARN_ENUM_CONVERSION = YES;
				CLANG_WARN_INFINITE_RECURSION = YES;
				CLANG_WARN_INT_CONVERSION = YES;
				CLANG_WARN_NON_LITERAL_NULL_CONVERSION = YES;
				CLANG_WARN_OBJC_IMPLICIT_RETAIN_SELF = YES;
				CLANG_WARN_OBJC_LITERAL_CONVERSION = YES;
				CLANG_WARN_OBJC_ROOT_CLASS = YES_ERROR;
				CLANG_WARN_QUOTED_INCLUDE_IN_FRAMEWORK_HEADER = YES;
				CLANG_WARN_RANGE_LOOP_ANALYSIS = YES;
				CLANG_WARN_STRICT_PROTOTYPES = YES;
				CLANG_WARN_SUSPICIOUS_MOVE = YES;
				CLANG_WARN_UNGUARDED_AVAILABILITY = YES_AGGRESSIVE;
				CLANG_WARN_UNREACHABLE_CODE = YES;
				CLANG_WARN__DUPLICATE_METHOD_MATCH = YES;
				COPY_PHASE_STRIP = NO;
				DEBUG_INFORMATION_FORMAT = "dwarf-with-dsym";
				ENABLE_NS_ASSERTIONS = NO;
				ENABLE_STRICT_OBJC_MSGSEND = YES;
				GCC_C_LANGUAGE_STANDARD = gnu11;
				GCC_NO_COMMON_BLOCKS = YES;
				GCC_WARN_64_TO_32_BIT_CONVERSION = YES;
				GCC_WARN_ABOUT_RETURN_TYPE = YES_ERROR;
				GCC_WARN_UNDECLARED_SELECTOR = YES;
				GCC_WARN_UNINITIALIZED_AUTOS = YES_AGGRESSIVE;
				GCC_WARN_UNUSED_FUNCTION = YES;
				GCC_WARN_UNUSED_VARIABLE = YES;
				IPHONEOS_DEPLOYMENT_TARGET = 16.0;
				MTL_ENABLE_DEBUG_INFO = NO;
				MTL_FAST_MATH = YES;
				SDKROOT = iphoneos;
				SWIFT_COMPILATION_MODE = wholemodule;
				SWIFT_OPTIMIZATION_LEVEL = "-O";
				VALIDATE_PRODUCT = YES;
			};
			name = Release;
		};
		4CB7219E2986F80D0096C1D1 /* Debug */ = {
			isa = XCBuildConfiguration;
			buildSettings = {
				ASSETCATALOG_COMPILER_APPICON_NAME = AppIcon;
				ASSETCATALOG_COMPILER_GLOBAL_ACCENT_COLOR_NAME = AccentColor;
				CODE_SIGN_STYLE = Automatic;
				CURRENT_PROJECT_VERSION = 1;
				GENERATE_INFOPLIST_FILE = YES;
				INFOPLIST_FILE = "Multiple XIBs/Info.plist";
				INFOPLIST_KEY_UIApplicationSupportsIndirectInputEvents = YES;
				INFOPLIST_KEY_UILaunchStoryboardName = LaunchScreen;
				INFOPLIST_KEY_UIMainStoryboardFile = Main;
				INFOPLIST_KEY_UISupportedInterfaceOrientations_iPad = "UIInterfaceOrientationPortrait UIInterfaceOrientationPortraitUpsideDown UIInterfaceOrientationLandscapeLeft UIInterfaceOrientationLandscapeRight";
				INFOPLIST_KEY_UISupportedInterfaceOrientations_iPhone = "UIInterfaceOrientationPortrait UIInterfaceOrientationLandscapeLeft UIInterfaceOrientationLandscapeRight";
				LD_RUNPATH_SEARCH_PATHS = (
					"$(inherited)",
					"@executable_path/Frameworks",
				);
				MARKETING_VERSION = 1.0;
				PRODUCT_BUNDLE_IDENTIFIER = "com.rblsystems.Multiple-XIBs";
				PRODUCT_NAME = "$(TARGET_NAME)";
				SWIFT_EMIT_LOC_STRINGS = YES;
				SWIFT_VERSION = 5.0;
				TARGETED_DEVICE_FAMILY = "1,2";
			};
			name = Debug;
		};
		4CB7219F2986F80D0096C1D1 /* Release */ = {
			isa = XCBuildConfiguration;
			buildSettings = {
				ASSETCATALOG_COMPILER_APPICON_NAME = AppIcon;
				ASSETCATALOG_COMPILER_GLOBAL_ACCENT_COLOR_NAME = AccentColor;
				CODE_SIGN_STYLE = Automatic;
				CURRENT_PROJECT_VERSION = 1;
				GENERATE_INFOPLIST_FILE = YES;
				INFOPLIST_FILE = "Multiple XIBs/Info.plist";
				INFOPLIST_KEY_UIApplicationSupportsIndirectInputEvents = YES;
				INFOPLIST_KEY_UILaunchStoryboardName = LaunchScreen;
				INFOPLIST_KEY_UIMainStoryboardFile = Main;
				INFOPLIST_KEY_UISupportedInterfaceOrientations_iPad = "UIInterfaceOrientationPortrait UIInterfaceOrientationPortraitUpsideDown UIInterfaceOrientationLandscapeLeft UIInterfaceOrientationLandscapeRight";
				INFOPLIST_KEY_UISupportedInterfaceOrientations_iPhone = "UIInterfaceOrientationPortrait UIInterfaceOrientationLandscapeLeft UIInterfaceOrientationLandscapeRight";
				LD_RUNPATH_SEARCH_PATHS = (
					"$(inherited)",
					"@executable_path/Frameworks",
				);
				MARKETING_VERSION = 1.0;
				PRODUCT_BUNDLE_IDENTIFIER = "com.rblsystems.Multiple-XIBs";
				PRODUCT_NAME = "$(TARGET_NAME)";
				SWIFT_EMIT_LOC_STRINGS = YES;
				SWIFT_VERSION = 5.0;
				TARGETED_DEVICE_FAMILY = "1,2";
			};
			name = Release;
		};
/* End XCBuildConfiguration section */

/* Begin XCConfigurationList section */
		4CB721842986F80B0096C1D1 /* Build configuration list for PBXProject "Multiple XIBs" */ = {
			isa = XCConfigurationList;
			buildConfigurations = (
				4CB7219B2986F80D0096C1D1 /* Debug */,
				4CB7219C2986F80D0096C1D1 /* Release */,
			);
			defaultConfigurationIsVisible = 0;
			defaultConfigurationName = Release;
		};
		4CB7219D2986F80D0096C1D1 /* Build configuration list for PBXNativeTarget "Multiple XIBs" */ = {
			isa = XCConfigurationList;
			buildConfigurations = (
				4CB7219E2986F80D0096C1D1 /* Debug */,
				4CB7219F2986F80D0096C1D1 /* Release */,
			);
			defaultConfigurationIsVisible = 0;
			defaultConfigurationName = Release;
		};
/* End XCConfigurationList section */
	};
	rootObject = 4CB721812986F80B0096C1D1 /* Project object */;
}
